
Microsoft Visual Studio Solution File, Format Version 12.00
# Visual Studio Version 17
VisualStudioVersion = 17.11.35327.3
MinimumVisualStudioVersion = 10.0.40219.1
Project("{FAE04EC0-301F-11D3-BF4B-00C04F79EFBC}") = "AppEscritorioEstrellados", "AppEscritorioEstrellados\AppEscritorioEstrellados.csproj", "{D2DC1638-FA34-4EB1-A7E1-3AA88ED9DCF6}"
EndProject
Global
	GlobalSection(SolutionConfigurationPlatforms) = preSolution
		Debug|Any CPU = Debug|Any CPU
		Release|Any CPU = Release|Any CPU
	EndGlobalSection
	GlobalSection(ProjectConfigurationPlatforms) = postSolution
		{D2DC1638-FA34-4EB1-A7E1-3AA88ED9DCF6}.Debug|Any CPU.ActiveCfg = Debug|Any CPU
		{D2DC1638-FA34-4EB1-A7E1-3AA88ED9DCF6}.Debug|Any CPU.Build.0 = Debug|Any CPU
		{D2DC1638-FA34-4EB1-A7E1-3AA88ED9DCF6}.Release|Any CPU.ActiveCfg = Release|Any CPU
		{D2DC1638-FA34-4EB1-A7E1-3AA88ED9DCF6}.Release|Any CPU.Build.0 = Release|Any CPU
	EndGlobalSection
	GlobalSection(SolutionProperties) = preSolution
		HideSolutionNode = FALSE
	EndGlobalSection
	GlobalSection(ExtensibilityGlobals) = postSolution
		SolutionGuid = {36461F76-C57F-4881-A7B1-350BEB8243F9}
	EndGlobalSection
EndGlobal
