
Microsoft Visual Studio Solution File, Format Version 12.00
# Visual Studio Version 17
VisualStudioVersion = 17.11.35303.130
MinimumVisualStudioVersion = 10.0.40219.1
Project("{FAE04EC0-301F-11D3-BF4B-00C04F79EFBC}") = "EstrelladosApp", "EstrelladosApp\EstrelladosApp.csproj", "{833A649D-C10A-4EFB-A1E8-4FD0613FA0EA}"
EndProject
Global
	GlobalSection(SolutionConfigurationPlatforms) = preSolution
		Debug|Any CPU = Debug|Any CPU
		Release|Any CPU = Release|Any CPU
	EndGlobalSection
	GlobalSection(ProjectConfigurationPlatforms) = postSolution
		{833A649D-C10A-4EFB-A1E8-4FD0613FA0EA}.Debug|Any CPU.ActiveCfg = Debug|Any CPU
		{833A649D-C10A-4EFB-A1E8-4FD0613FA0EA}.Debug|Any CPU.Build.0 = Debug|Any CPU
		{833A649D-C10A-4EFB-A1E8-4FD0613FA0EA}.Release|Any CPU.ActiveCfg = Release|Any CPU
		{833A649D-C10A-4EFB-A1E8-4FD0613FA0EA}.Release|Any CPU.Build.0 = Release|Any CPU
	EndGlobalSection
	GlobalSection(SolutionProperties) = preSolution
		HideSolutionNode = FALSE
	EndGlobalSection
	GlobalSection(ExtensibilityGlobals) = postSolution
		SolutionGuid = {83E763C7-0C2C-461B-9AC0-45124394AE19}
	EndGlobalSection
EndGlobal
